// !$*UTF8*$!
{
	archiveVersion = 1;
	classes = {
	};
	objectVersion = 50;
	objects = {

/* Begin PBXBuildFile section */
		374B363025E6829C005F1499 /* Empty.swift in Sources */ = {isa = PBXBuildFile; fileRef = 374B362F25E6829C005F1499 /* Empty.swift */; };
		65693AF12390F700007B0D33 /* BaseView.xib in Resources */ = {isa = PBXBuildFile; fileRef = 65693AEE2390F700007B0D33 /* BaseView.xib */; };
		65693AF22390F700007B0D33 /* Base.m in Sources */ = {isa = PBXBuildFile; fileRef = 65693AEF2390F700007B0D33 /* Base.m */; };
		65693AFC2390F740007B0D33 /* Banner.m in Sources */ = {isa = PBXBuildFile; fileRef = 65693AF42390F73F007B0D33 /* Banner.m */; };
		65693AFD2390F740007B0D33 /* Interstitial.m in Sources */ = {isa = PBXBuildFile; fileRef = 65693AF92390F740007B0D33 /* Interstitial.m */; };
		765E9FCC5A120A13552200BA /* libPods-BidMachineSample.a in Frameworks */ = {isa = PBXBuildFile; fileRef = 4A253D8D5A898969DA887336 /* libPods-BidMachineSample.a */; };
		D96190F5222957C50057C11A /* AppDelegate.m in Sources */ = {isa = PBXBuildFile; fileRef = D96190F4222957C50057C11A /* AppDelegate.m */; };
		D96190FB222957C50057C11A /* Main.storyboard in Resources */ = {isa = PBXBuildFile; fileRef = D96190F9222957C50057C11A /* Main.storyboard */; };
		D96190FD222957C60057C11A /* Assets.xcassets in Resources */ = {isa = PBXBuildFile; fileRef = D96190FC222957C60057C11A /* Assets.xcassets */; };
		D9619100222957C60057C11A /* LaunchScreen.storyboard in Resources */ = {isa = PBXBuildFile; fileRef = D96190FE222957C60057C11A /* LaunchScreen.storyboard */; };
		D9619103222957C60057C11A /* main.m in Sources */ = {isa = PBXBuildFile; fileRef = D9619102222957C60057C11A /* main.m */; };
/* End PBXBuildFile section */

/* Begin PBXFileReference section */
		302B23DFF18738DC370464DA /* Pods-BidMachineSample.release.xcconfig */ = {isa = PBXFileReference; includeInIndex = 1; lastKnownFileType = text.xcconfig; name = "Pods-BidMachineSample.release.xcconfig"; path = "Target Support Files/Pods-BidMachineSample/Pods-BidMachineSample.release.xcconfig"; sourceTree = "<group>"; };
		374B361E25E68237005F1499 /* BidMachineSample.app */ = {isa = PBXFileReference; explicitFileType = wrapper.application; includeInIndex = 0; path = BidMachineSample.app; sourceTree = BUILT_PRODUCTS_DIR; };
		374B362F25E6829C005F1499 /* Empty.swift */ = {isa = PBXFileReference; lastKnownFileType = sourcecode.swift; path = Empty.swift; sourceTree = "<group>"; };
		4807EF81E35DB2CCE84F6662 /* Pods-BidMachineSample.debug.xcconfig */ = {isa = PBXFileReference; includeInIndex = 1; lastKnownFileType = text.xcconfig; name = "Pods-BidMachineSample.debug.xcconfig"; path = "Target Support Files/Pods-BidMachineSample/Pods-BidMachineSample.debug.xcconfig"; sourceTree = "<group>"; };
		4A253D8D5A898969DA887336 /* libPods-BidMachineSample.a */ = {isa = PBXFileReference; explicitFileType = archive.ar; includeInIndex = 0; path = "libPods-BidMachineSample.a"; sourceTree = BUILT_PRODUCTS_DIR; };
		65693AEE2390F700007B0D33 /* BaseView.xib */ = {isa = PBXFileReference; fileEncoding = 4; lastKnownFileType = file.xib; path = BaseView.xib; sourceTree = "<group>"; };
		65693AEF2390F700007B0D33 /* Base.m */ = {isa = PBXFileReference; fileEncoding = 4; lastKnownFileType = sourcecode.c.objc; path = Base.m; sourceTree = "<group>"; };
		65693AF02390F700007B0D33 /* Base.h */ = {isa = PBXFileReference; fileEncoding = 4; lastKnownFileType = sourcecode.c.h; path = Base.h; sourceTree = "<group>"; };
		65693AF42390F73F007B0D33 /* Banner.m */ = {isa = PBXFileReference; fileEncoding = 4; lastKnownFileType = sourcecode.c.objc; path = Banner.m; sourceTree = "<group>"; };
		65693AF62390F740007B0D33 /* Interstitial.h */ = {isa = PBXFileReference; fileEncoding = 4; lastKnownFileType = sourcecode.c.h; path = Interstitial.h; sourceTree = "<group>"; };
		65693AF72390F740007B0D33 /* Banner.h */ = {isa = PBXFileReference; fileEncoding = 4; lastKnownFileType = sourcecode.c.h; path = Banner.h; sourceTree = "<group>"; };
		65693AF92390F740007B0D33 /* Interstitial.m */ = {isa = PBXFileReference; fileEncoding = 4; lastKnownFileType = sourcecode.c.objc; path = Interstitial.m; sourceTree = "<group>"; };
		D96190F3222957C50057C11A /* AppDelegate.h */ = {isa = PBXFileReference; lastKnownFileType = sourcecode.c.h; path = AppDelegate.h; sourceTree = "<group>"; };
		D96190F4222957C50057C11A /* AppDelegate.m */ = {isa = PBXFileReference; lastKnownFileType = sourcecode.c.objc; path = AppDelegate.m; sourceTree = "<group>"; };
		D96190FA222957C50057C11A /* Base */ = {isa = PBXFileReference; lastKnownFileType = file.storyboard; name = Base; path = Base.lproj/Main.storyboard; sourceTree = "<group>"; };
		D96190FC222957C60057C11A /* Assets.xcassets */ = {isa = PBXFileReference; lastKnownFileType = folder.assetcatalog; path = Assets.xcassets; sourceTree = "<group>"; };
		D96190FF222957C60057C11A /* Base */ = {isa = PBXFileReference; lastKnownFileType = file.storyboard; name = Base; path = Base.lproj/LaunchScreen.storyboard; sourceTree = "<group>"; };
		D9619101222957C60057C11A /* Info.plist */ = {isa = PBXFileReference; lastKnownFileType = text.plist.xml; path = Info.plist; sourceTree = "<group>"; };
		D9619102222957C60057C11A /* main.m */ = {isa = PBXFileReference; lastKnownFileType = sourcecode.c.objc; path = main.m; sourceTree = "<group>"; };
/* End PBXFileReference section */

/* Begin PBXFrameworksBuildPhase section */
		D96190ED222957C50057C11A /* Frameworks */ = {
			isa = PBXFrameworksBuildPhase;
			buildActionMask = 2147483647;
			files = (
				765E9FCC5A120A13552200BA /* libPods-BidMachineSample.a in Frameworks */,
			);
			runOnlyForDeploymentPostprocessing = 0;
		};
/* End PBXFrameworksBuildPhase section */

/* Begin PBXGroup section */
		65693AEC2390F6BA007B0D33 /* AdControllers */ = {
			isa = PBXGroup;
			children = (
				65693AED2390F6D3007B0D33 /* Base */,
				65693AF62390F740007B0D33 /* Interstitial.h */,
				65693AF92390F740007B0D33 /* Interstitial.m */,
				65693AF72390F740007B0D33 /* Banner.h */,
				65693AF42390F73F007B0D33 /* Banner.m */,
			);
			name = AdControllers;
			sourceTree = "<group>";
		};
		65693AED2390F6D3007B0D33 /* Base */ = {
			isa = PBXGroup;
			children = (
				65693AF02390F700007B0D33 /* Base.h */,
				65693AEF2390F700007B0D33 /* Base.m */,
				65693AEE2390F700007B0D33 /* BaseView.xib */,
			);
			name = Base;
			sourceTree = "<group>";
		};
		65693B042390F7F2007B0D33 /* ApplicationSupport */ = {
			isa = PBXGroup;
			children = (
				D96190F9222957C50057C11A /* Main.storyboard */,
				D96190FC222957C60057C11A /* Assets.xcassets */,
				D96190FE222957C60057C11A /* LaunchScreen.storyboard */,
				D9619101222957C60057C11A /* Info.plist */,
				D9619102222957C60057C11A /* main.m */,
				374B362F25E6829C005F1499 /* Empty.swift */,
			);
			name = ApplicationSupport;
			sourceTree = "<group>";
		};
		A6BB0CE018B367D183D3C4E5 /* Pods */ = {
			isa = PBXGroup;
			children = (
				4807EF81E35DB2CCE84F6662 /* Pods-BidMachineSample.debug.xcconfig */,
				302B23DFF18738DC370464DA /* Pods-BidMachineSample.release.xcconfig */,
			);
			path = Pods;
			sourceTree = "<group>";
		};
		D96190E7222957C50057C11A = {
			isa = PBXGroup;
			children = (
				D96190F2222957C50057C11A /* BidMachineSample */,
				DDF26E1CFAA34ED9FB4E6495 /* Frameworks */,
				374B361E25E68237005F1499 /* BidMachineSample.app */,
				A6BB0CE018B367D183D3C4E5 /* Pods */,
			);
			sourceTree = "<group>";
		};
		D96190F2222957C50057C11A /* BidMachineSample */ = {
			isa = PBXGroup;
			children = (
				D96190F3222957C50057C11A /* AppDelegate.h */,
				D96190F4222957C50057C11A /* AppDelegate.m */,
				65693AEC2390F6BA007B0D33 /* AdControllers */,
				65693B042390F7F2007B0D33 /* ApplicationSupport */,
			);
			path = BidMachineSample;
			sourceTree = "<group>";
		};
		DDF26E1CFAA34ED9FB4E6495 /* Frameworks */ = {
			isa = PBXGroup;
			children = (
				4A253D8D5A898969DA887336 /* libPods-BidMachineSample.a */,
			);
			name = Frameworks;
			sourceTree = "<group>";
		};
/* End PBXGroup section */

/* Begin PBXNativeTarget section */
		D96190EF222957C50057C11A /* BidMachineSample */ = {
			isa = PBXNativeTarget;
			buildConfigurationList = D9619106222957C60057C11A /* Build configuration list for PBXNativeTarget "BidMachineSample" */;
			buildPhases = (
				1AE78C6B14873E031CBB446D /* [CP] Check Pods Manifest.lock */,
				D96190EC222957C50057C11A /* Sources */,
				D96190ED222957C50057C11A /* Frameworks */,
				D96190EE222957C50057C11A /* Resources */,
			);
			buildRules = (
			);
			dependencies = (
			);
			name = BidMachineSample;
			productName = BMIntegrationSample;
			productReference = 374B361E25E68237005F1499 /* BidMachineSample.app */;
			productType = "com.apple.product-type.application";
		};
/* End PBXNativeTarget section */

/* Begin PBXProject section */
		D96190E8222957C50057C11A /* Project object */ = {
			isa = PBXProject;
			attributes = {
				LastUpgradeCheck = 1010;
				ORGANIZATIONNAME = BidMachine;
				TargetAttributes = {
					D96190EF222957C50057C11A = {
						CreatedOnToolsVersion = 10.1;
						LastSwiftMigration = 1230;
					};
				};
			};
			buildConfigurationList = D96190EB222957C50057C11A /* Build configuration list for PBXProject "BidMachineSample" */;
			compatibilityVersion = "Xcode 9.3";
			developmentRegion = en;
			hasScannedForEncodings = 0;
			knownRegions = (
				en,
				Base,
			);
			mainGroup = D96190E7222957C50057C11A;
			productRefGroup = D96190E7222957C50057C11A;
			projectDirPath = "";
			projectRoot = "";
			targets = (
				D96190EF222957C50057C11A /* BidMachineSample */,
			);
		};
/* End PBXProject section */

/* Begin PBXResourcesBuildPhase section */
		D96190EE222957C50057C11A /* Resources */ = {
			isa = PBXResourcesBuildPhase;
			buildActionMask = 2147483647;
			files = (
				D9619100222957C60057C11A /* LaunchScreen.storyboard in Resources */,
				65693AF12390F700007B0D33 /* BaseView.xib in Resources */,
				D96190FD222957C60057C11A /* Assets.xcassets in Resources */,
				D96190FB222957C50057C11A /* Main.storyboard in Resources */,
			);
			runOnlyForDeploymentPostprocessing = 0;
		};
/* End PBXResourcesBuildPhase section */

/* Begin PBXShellScriptBuildPhase section */
		1AE78C6B14873E031CBB446D /* [CP] Check Pods Manifest.lock */ = {
			isa = PBXShellScriptBuildPhase;
			buildActionMask = 2147483647;
			files = (
			);
			inputFileListPaths = (
			);
			inputPaths = (
				"${PODS_PODFILE_DIR_PATH}/Podfile.lock",
				"${PODS_ROOT}/Manifest.lock",
			);
			name = "[CP] Check Pods Manifest.lock";
			outputFileListPaths = (
			);
			outputPaths = (
				"$(DERIVED_FILE_DIR)/Pods-BidMachineSample-checkManifestLockResult.txt",
			);
			runOnlyForDeploymentPostprocessing = 0;
			shellPath = /bin/sh;
			shellScript = "diff \"${PODS_PODFILE_DIR_PATH}/Podfile.lock\" \"${PODS_ROOT}/Manifest.lock\" > /dev/null\nif [ $? != 0 ] ; then\n    # print error to STDERR\n    echo \"error: The sandbox is not in sync with the Podfile.lock. Run 'pod install' or update your CocoaPods installation.\" >&2\n    exit 1\nfi\n# This output is used by Xcode 'outputs' to avoid re-running this script phase.\necho \"SUCCESS\" > \"${SCRIPT_OUTPUT_FILE_0}\"\n";
			showEnvVarsInLog = 0;
		};
/* End PBXShellScriptBuildPhase section */

/* Begin PBXSourcesBuildPhase section */
		D96190EC222957C50057C11A /* Sources */ = {
			isa = PBXSourcesBuildPhase;
			buildActionMask = 2147483647;
			files = (
				65693AF22390F700007B0D33 /* Base.m in Sources */,
				65693AFC2390F740007B0D33 /* Banner.m in Sources */,
				374B363025E6829C005F1499 /* Empty.swift in Sources */,
				D9619103222957C60057C11A /* main.m in Sources */,
				65693AFD2390F740007B0D33 /* Interstitial.m in Sources */,
				D96190F5222957C50057C11A /* AppDelegate.m in Sources */,
			);
			runOnlyForDeploymentPostprocessing = 0;
		};
/* End PBXSourcesBuildPhase section */

/* Begin PBXVariantGroup section */
		D96190F9222957C50057C11A /* Main.storyboard */ = {
			isa = PBXVariantGroup;
			children = (
				D96190FA222957C50057C11A /* Base */,
			);
			name = Main.storyboard;
			sourceTree = "<group>";
		};
		D96190FE222957C60057C11A /* LaunchScreen.storyboard */ = {
			isa = PBXVariantGroup;
			children = (
				D96190FF222957C60057C11A /* Base */,
			);
			name = LaunchScreen.storyboard;
			sourceTree = "<group>";
		};
/* End PBXVariantGroup section */

/* Begin XCBuildConfiguration section */
		D9619104222957C60057C11A /* Debug */ = {
			isa = XCBuildConfiguration;
			buildSettings = {
				ALWAYS_SEARCH_USER_PATHS = NO;
				CLANG_ANALYZER_NONNULL = YES;
				CLANG_ANALYZER_NUMBER_OBJECT_CONVERSION = YES_AGGRESSIVE;
				CLANG_CXX_LANGUAGE_STANDARD = "gnu++14";
				CLANG_CXX_LIBRARY = "libc++";
				CLANG_ENABLE_MODULES = YES;
				CLANG_ENABLE_OBJC_ARC = YES;
				CLANG_ENABLE_OBJC_WEAK = YES;
				CLANG_WARN_BLOCK_CAPTURE_AUTORELEASING = YES;
				CLANG_WARN_BOOL_CONVERSION = YES;
				CLANG_WARN_COMMA = YES;
				CLANG_WARN_CONSTANT_CONVERSION = YES;
				CLANG_WARN_DEPRECATED_OBJC_IMPLEMENTATIONS = YES;
				CLANG_WARN_DIRECT_OBJC_ISA_USAGE = YES_ERROR;
				CLANG_WARN_DOCUMENTATION_COMMENTS = YES;
				CLANG_WARN_EMPTY_BODY = YES;
				CLANG_WARN_ENUM_CONVERSION = YES;
				CLANG_WARN_INFINITE_RECURSION = YES;
				CLANG_WARN_INT_CONVERSION = YES;
				CLANG_WARN_NON_LITERAL_NULL_CONVERSION = YES;
				CLANG_WARN_OBJC_IMPLICIT_RETAIN_SELF = YES;
				CLANG_WARN_OBJC_LITERAL_CONVERSION = YES;
				CLANG_WARN_OBJC_ROOT_CLASS = YES_ERROR;
				CLANG_WARN_RANGE_LOOP_ANALYSIS = YES;
				CLANG_WARN_STRICT_PROTOTYPES = YES;
				CLANG_WARN_SUSPICIOUS_MOVE = YES;
				CLANG_WARN_UNGUARDED_AVAILABILITY = YES_AGGRESSIVE;
				CLANG_WARN_UNREACHABLE_CODE = YES;
				CLANG_WARN__DUPLICATE_METHOD_MATCH = YES;
				CODE_SIGN_IDENTITY = "iPhone Developer";
				COPY_PHASE_STRIP = NO;
				DEBUG_INFORMATION_FORMAT = dwarf;
				ENABLE_STRICT_OBJC_MSGSEND = YES;
				ENABLE_TESTABILITY = YES;
				GCC_C_LANGUAGE_STANDARD = gnu11;
				GCC_DYNAMIC_NO_PIC = NO;
				GCC_NO_COMMON_BLOCKS = YES;
				GCC_OPTIMIZATION_LEVEL = 0;
				GCC_PREPROCESSOR_DEFINITIONS = (
					"DEBUG=1",
					"$(inherited)",
				);
				GCC_WARN_64_TO_32_BIT_CONVERSION = YES;
				GCC_WARN_ABOUT_RETURN_TYPE = YES_ERROR;
				GCC_WARN_UNDECLARED_SELECTOR = YES;
				GCC_WARN_UNINITIALIZED_AUTOS = YES_AGGRESSIVE;
				GCC_WARN_UNUSED_FUNCTION = YES;
				GCC_WARN_UNUSED_VARIABLE = YES;
				IPHONEOS_DEPLOYMENT_TARGET = 12.1;
				MTL_ENABLE_DEBUG_INFO = INCLUDE_SOURCE;
				MTL_FAST_MATH = YES;
				ONLY_ACTIVE_ARCH = YES;
				SDKROOT = iphoneos;
			};
			name = Debug;
		};
		D9619105222957C60057C11A /* Release */ = {
			isa = XCBuildConfiguration;
			buildSettings = {
				ALWAYS_SEARCH_USER_PATHS = NO;
				CLANG_ANALYZER_NONNULL = YES;
				CLANG_ANALYZER_NUMBER_OBJECT_CONVERSION = YES_AGGRESSIVE;
				CLANG_CXX_LANGUAGE_STANDARD = "gnu++14";
				CLANG_CXX_LIBRARY = "libc++";
				CLANG_ENABLE_MODULES = YES;
				CLANG_ENABLE_OBJC_ARC = YES;
				CLANG_ENABLE_OBJC_WEAK = YES;
				CLANG_WARN_BLOCK_CAPTURE_AUTORELEASING = YES;
				CLANG_WARN_BOOL_CONVERSION = YES;
				CLANG_WARN_COMMA = YES;
				CLANG_WARN_CONSTANT_CONVERSION = YES;
				CLANG_WARN_DEPRECATED_OBJC_IMPLEMENTATIONS = YES;
				CLANG_WARN_DIRECT_OBJC_ISA_USAGE = YES_ERROR;
				CLANG_WARN_DOCUMENTATION_COMMENTS = YES;
				CLANG_WARN_EMPTY_BODY = YES;
				CLANG_WARN_ENUM_CONVERSION = YES;
				CLANG_WARN_INFINITE_RECURSION = YES;
				CLANG_WARN_INT_CONVERSION = YES;
				CLANG_WARN_NON_LITERAL_NULL_CONVERSION = YES;
				CLANG_WARN_OBJC_IMPLICIT_RETAIN_SELF = YES;
				CLANG_WARN_OBJC_LITERAL_CONVERSION = YES;
				CLANG_WARN_OBJC_ROOT_CLASS = YES_ERROR;
				CLANG_WARN_RANGE_LOOP_ANALYSIS = YES;
				CLANG_WARN_STRICT_PROTOTYPES = YES;
				CLANG_WARN_SUSPICIOUS_MOVE = YES;
				CLANG_WARN_UNGUARDED_AVAILABILITY = YES_AGGRESSIVE;
				CLANG_WARN_UNREACHABLE_CODE = YES;
				CLANG_WARN__DUPLICATE_METHOD_MATCH = YES;
				CODE_SIGN_IDENTITY = "iPhone Developer";
				COPY_PHASE_STRIP = NO;
				DEBUG_INFORMATION_FORMAT = "dwarf-with-dsym";
				ENABLE_NS_ASSERTIONS = NO;
				ENABLE_STRICT_OBJC_MSGSEND = YES;
				GCC_C_LANGUAGE_STANDARD = gnu11;
				GCC_NO_COMMON_BLOCKS = YES;
				GCC_WARN_64_TO_32_BIT_CONVERSION = YES;
				GCC_WARN_ABOUT_RETURN_TYPE = YES_ERROR;
				GCC_WARN_UNDECLARED_SELECTOR = YES;
				GCC_WARN_UNINITIALIZED_AUTOS = YES_AGGRESSIVE;
				GCC_WARN_UNUSED_FUNCTION = YES;
				GCC_WARN_UNUSED_VARIABLE = YES;
				IPHONEOS_DEPLOYMENT_TARGET = 12.1;
				MTL_ENABLE_DEBUG_INFO = NO;
				MTL_FAST_MATH = YES;
				SDKROOT = iphoneos;
				VALIDATE_PRODUCT = YES;
			};
			name = Release;
		};
		D9619107222957C60057C11A /* Debug */ = {
			isa = XCBuildConfiguration;
			baseConfigurationReference = 4807EF81E35DB2CCE84F6662 /* Pods-BidMachineSample.debug.xcconfig */;
			buildSettings = {
				ASSETCATALOG_COMPILER_APPICON_NAME = AppIcon;
				CLANG_ENABLE_MODULES = YES;
				CODE_SIGN_STYLE = Automatic;
				DEVELOPMENT_TEAM = WG4VFF78ZM;
				INFOPLIST_FILE = BidMachineSample/Info.plist;
				IPHONEOS_DEPLOYMENT_TARGET = 12.0;
				LD_RUNPATH_SEARCH_PATHS = (
					"$(inherited)",
					"@executable_path/Frameworks",
				);
				PRODUCT_BUNDLE_IDENTIFIER = com.bidmachine.sample;
				PRODUCT_NAME = "$(TARGET_NAME)";
				SWIFT_OPTIMIZATION_LEVEL = "-Onone";
				SWIFT_VERSION = 5.0;
				TARGETED_DEVICE_FAMILY = "1,2";
			};
			name = Debug;
		};
		D9619108222957C60057C11A /* Release */ = {
			isa = XCBuildConfiguration;
			baseConfigurationReference = 302B23DFF18738DC370464DA /* Pods-BidMachineSample.release.xcconfig */;
			buildSettings = {
				ASSETCATALOG_COMPILER_APPICON_NAME = AppIcon;
				CLANG_ENABLE_MODULES = YES;
				CODE_SIGN_STYLE = Automatic;
				DEVELOPMENT_TEAM = WG4VFF78ZM;
				INFOPLIST_FILE = BidMachineSample/Info.plist;
				IPHONEOS_DEPLOYMENT_TARGET = 12.0;
				LD_RUNPATH_SEARCH_PATHS = (
					"$(inherited)",
					"@executable_path/Frameworks",
				);
				PRODUCT_BUNDLE_IDENTIFIER = com.bidmachine.sample;
				PRODUCT_NAME = "$(TARGET_NAME)";
				SWIFT_VERSION = 5.0;
				TARGETED_DEVICE_FAMILY = "1,2";
			};
			name = Release;
		};
/* End XCBuildConfiguration section */

/* Begin XCConfigurationList section */
		D96190EB222957C50057C11A /* Build configuration list for PBXProject "BidMachineSample" */ = {
			isa = XCConfigurationList;
			buildConfigurations = (
				D9619104222957C60057C11A /* Debug */,
				D9619105222957C60057C11A /* Release */,
			);
			defaultConfigurationIsVisible = 0;
			defaultConfigurationName = Release;
		};
		D9619106222957C60057C11A /* Build configuration list for PBXNativeTarget "BidMachineSample" */ = {
			isa = XCConfigurationList;
			buildConfigurations = (
				D9619107222957C60057C11A /* Debug */,
				D9619108222957C60057C11A /* Release */,
			);
			defaultConfigurationIsVisible = 0;
			defaultConfigurationName = Release;
		};
/* End XCConfigurationList section */
	};
	rootObject = D96190E8222957C50057C11A /* Project object */;
}
